{
    "_readme": [
        "This file locks the dependencies of your project to a known state",
        "Read more about it at https://getcomposer.org/doc/01-basic-usage.md#installing-dependencies",
        "This file is @generated automatically"
    ],
    "content-hash": "31e08521fdcb66afd67928d28a1801b1",
    "packages": [
        {
            "name": "blockstudio/blockstudio",
            "version": "v7.1.1",
            "source": {
                "type": "git",
                "url": "https://github.com/inline0/blockstudio.git",
                "reference": "bc6519407f275fe193fe3efee2c51ec067a9d558"
            },
            "dist": {
                "type": "zip",
                "url": "https://api.github.com/repos/inline0/blockstudio/zipball/bc6519407f275fe193fe3efee2c51ec067a9d558",
                "reference": "bc6519407f275fe193fe3efee2c51ec067a9d558",
                "shasum": ""
            },
            "require": {
                "php": ">=8.2",
                "yahnis-elsts/plugin-update-checker": "^5.6"
            },
            "require-dev": {
                "dealerdirect/phpcodesniffer-composer-installer": "^1.0",
                "humbug/php-scoper": "^0.18.18",
                "matthiasmullie/minify": "^1.3",
                "phpunit/phpunit": "^11.0",
                "scssphp/scssphp": "^2.1",
                "squizlabs/php_codesniffer": "^3.7",
                "tailwindphp/tailwindphp": "^1.0",
                "wp-coding-standards/wpcs": "^3.0"
            },
            "type": "wordpress-plugin",
            "autoload": {
                "files": [
                    "bootstrap.php"
                ],
                "classmap": [
                    "lib/"
                ]
            },
            "notification-url": "https://packagist.org/downloads/",
            "license": [
                "GPL-2.0-or-later"
            ],
            "authors": [
                {
                    "name": "dennis",
                    "email": "dnnsjsk@gmail.com"
                }
            ],
            "description": "The block framework for WordPress.",
            "support": {
                "issues": "https://github.com/inline0/blockstudio/issues",
                "source": "https://github.com/inline0/blockstudio/tree/v7.1.1"
            },
            "time": "2026-03-28T10:33:15+00:00"
        },
        {
            "name": "yahnis-elsts/plugin-update-checker",
            "version": "v5.6",
            "source": {
                "type": "git",
                "url": "https://github.com/YahnisElsts/plugin-update-checker.git",
                "reference": "a2db6871deec989a74e1f90fafc6d58ae526a879"
            },
            "dist": {
                "type": "zip",
                "url": "https://api.github.com/repos/YahnisElsts/plugin-update-checker/zipball/a2db6871deec989a74e1f90fafc6d58ae526a879",
                "reference": "a2db6871deec989a74e1f90fafc6d58ae526a879",
                "shasum": ""
            },
            "require": {
                "ext-json": "*",
                "php": ">=5.6.20"
            },
            "type": "library",
            "autoload": {
                "files": [
                    "load-v5p6.php"
                ]
            },
            "notification-url": "https://packagist.org/downloads/",
            "license": [
                "MIT"
            ],
            "authors": [
                {
                    "name": "Yahnis Elsts",
                    "email": "whiteshadow@w-shadow.com",
                    "homepage": "https://w-shadow.com/",
                    "role": "Developer"
                }
            ],
            "description": "A custom update checker for WordPress plugins and themes. Useful if you can't host your plugin in the official WP repository but still want it to support automatic updates.",
            "homepage": "https://github.com/YahnisElsts/plugin-update-checker/",
            "keywords": [
                "automatic updates",
                "plugin updates",
                "theme updates",
                "wordpress"
            ],
            "support": {
                "issues": "https://github.com/YahnisElsts/plugin-update-checker/issues",
                "source": "https://github.com/YahnisElsts/plugin-update-checker/tree/v5.6"
            },
            "time": "2025-05-20T12:29:01+00:00"
        }
    ],
    "packages-dev": [],
    "aliases": [],
    "minimum-stability": "stable",
    "stability-flags": {},
    "prefer-stable": false,
    "prefer-lowest": false,
    "platform": {},
    "platform-dev": {},
    "plugin-api-version": "2.9.0"
}
